{
  "name": "codecompile-testapp",
  "version": "1.0.0",
  "lockfileVersion": 3,
  "requires": true,
  "packages": {
    "": {
      "name": "codecompile-testapp",
      "version": "1.0.0",
      "license": "MIT",
      "dependencies": {
        "codecompile-testapp": "^1.0.0"
      }
    },
    "node_modules/codecompile-testapp": {
      "version": "1.0.0",
      "resolved": "https://registry.npmjs.org/codecompile-testapp/-/codecompile-testapp-1.0.0.tgz",
      "integrity": "sha512-nYypTZB3Wd2o+/Q5okqEQyxQ6CXS4KfPb84Lt2t1yAwOCL75ccHIBFi7t5adcoh7KXPI3s+CMVsE3IgiXy5Emg==",
      "license": "MIT"
    }
  }
}
